
Microsoft Visual Studio Solution File, Format Version 12.00
# Visual Studio Version 16
VisualStudioVersion = 16.0.32802.440
MinimumVisualStudioVersion = 10.0.40219.1
Project("{FAE04EC0-301F-11D3-BF4B-00C04F79EFBC}") = "Project_OOP", "Project_OOP\Project_OOP.csproj", "{81C3439A-913B-46B7-8AC2-7814BE2C8D1B}"
EndProject
Project("{FAE04EC0-301F-11D3-BF4B-00C04F79EFBC}") = "BusinessLayer", "BusinessLayer\BusinessLayer.csproj", "{F8F32813-FFB9-46A3-97C7-09B385530F39}"
EndProject
Project("{FAE04EC0-301F-11D3-BF4B-00C04F79EFBC}") = "EntityLayer", "EntityLayer\EntityLayer.csproj", "{C8DAE934-C90B-4DF7-86D6-7947C858FFD7}"
EndProject
Project("{FAE04EC0-301F-11D3-BF4B-00C04F79EFBC}") = "DataAccessLayer", "DataAccessLayer\DataAccessLayer.csproj", "{810010D5-EA27-4175-96C0-B0947DC220AD}"
EndProject
Global
	GlobalSection(SolutionConfigurationPlatforms) = preSolution
		Debug|Any CPU = Debug|Any CPU
		Release|Any CPU = Release|Any CPU
	EndGlobalSection
	GlobalSection(ProjectConfigurationPlatforms) = postSolution
		{81C3439A-913B-46B7-8AC2-7814BE2C8D1B}.Debug|Any CPU.ActiveCfg = Debug|Any CPU
		{81C3439A-913B-46B7-8AC2-7814BE2C8D1B}.Debug|Any CPU.Build.0 = Debug|Any CPU
		{81C3439A-913B-46B7-8AC2-7814BE2C8D1B}.Release|Any CPU.ActiveCfg = Release|Any CPU
		{81C3439A-913B-46B7-8AC2-7814BE2C8D1B}.Release|Any CPU.Build.0 = Release|Any CPU
		{F8F32813-FFB9-46A3-97C7-09B385530F39}.Debug|Any CPU.ActiveCfg = Debug|Any CPU
		{F8F32813-FFB9-46A3-97C7-09B385530F39}.Debug|Any CPU.Build.0 = Debug|Any CPU
		{F8F32813-FFB9-46A3-97C7-09B385530F39}.Release|Any CPU.ActiveCfg = Release|Any CPU
		{F8F32813-FFB9-46A3-97C7-09B385530F39}.Release|Any CPU.Build.0 = Release|Any CPU
		{C8DAE934-C90B-4DF7-86D6-7947C858FFD7}.Debug|Any CPU.ActiveCfg = Debug|Any CPU
		{C8DAE934-C90B-4DF7-86D6-7947C858FFD7}.Debug|Any CPU.Build.0 = Debug|Any CPU
		{C8DAE934-C90B-4DF7-86D6-7947C858FFD7}.Release|Any CPU.ActiveCfg = Release|Any CPU
		{C8DAE934-C90B-4DF7-86D6-7947C858FFD7}.Release|Any CPU.Build.0 = Release|Any CPU
		{810010D5-EA27-4175-96C0-B0947DC220AD}.Debug|Any CPU.ActiveCfg = Debug|Any CPU
		{810010D5-EA27-4175-96C0-B0947DC220AD}.Debug|Any CPU.Build.0 = Debug|Any CPU
		{810010D5-EA27-4175-96C0-B0947DC220AD}.Release|Any CPU.ActiveCfg = Release|Any CPU
		{810010D5-EA27-4175-96C0-B0947DC220AD}.Release|Any CPU.Build.0 = Release|Any CPU
	EndGlobalSection
	GlobalSection(SolutionProperties) = preSolution
		HideSolutionNode = FALSE
	EndGlobalSection
	GlobalSection(ExtensibilityGlobals) = postSolution
		SolutionGuid = {9FDDC3D9-AFE9-4728-859D-C97A100DC3F4}
	EndGlobalSection
EndGlobal
